
Microsoft Visual Studio Solution File, Format Version 12.00
# Visual Studio 15
VisualStudioVersion = 15.0.28010.2026
MinimumVisualStudioVersion = 10.0.40219.1
Project("{FAE04EC0-301F-11D3-BF4B-00C04F79EFBC}") = "Vidly", "Vidly\Vidly.csproj", "{BEBC6CFB-EC2C-4A7F-B82E-20A89321264B}"
EndProject
Global
	GlobalSection(SolutionConfigurationPlatforms) = preSolution
		Debug|Any CPU = Debug|Any CPU
		Release|Any CPU = Release|Any CPU
	EndGlobalSection
	GlobalSection(ProjectConfigurationPlatforms) = postSolution
		{BEBC6CFB-EC2C-4A7F-B82E-20A89321264B}.Debug|Any CPU.ActiveCfg = Debug|Any CPU
		{BEBC6CFB-EC2C-4A7F-B82E-20A89321264B}.Debug|Any CPU.Build.0 = Debug|Any CPU
		{BEBC6CFB-EC2C-4A7F-B82E-20A89321264B}.Release|Any CPU.ActiveCfg = Release|Any CPU
		{BEBC6CFB-EC2C-4A7F-B82E-20A89321264B}.Release|Any CPU.Build.0 = Release|Any CPU
	EndGlobalSection
	GlobalSection(SolutionProperties) = preSolution
		HideSolutionNode = FALSE
	EndGlobalSection
	GlobalSection(ExtensibilityGlobals) = postSolution
		SolutionGuid = {8A3F808B-481B-432F-A12D-58785118B1A4}
	EndGlobalSection
EndGlobal
